// !$*UTF8*$!
{
	archiveVersion = 1;
	classes = {
	};
	objectVersion = 50;
	objects = {

/* Begin PBXBuildFile section */
		66479CAA25E18DEE0040C675 /* AppDelegate.swift in Sources */ = {isa = PBXBuildFile; fileRef = 66479CA925E18DEE0040C675 /* AppDelegate.swift */; };
		66479CAC25E18DEE0040C675 /* SceneDelegate.swift in Sources */ = {isa = PBXBuildFile; fileRef = 66479CAB25E18DEE0040C675 /* SceneDelegate.swift */; };
		66479CAE25E18DEE0040C675 /* ViewController.swift in Sources */ = {isa = PBXBuildFile; fileRef = 66479CAD25E18DEE0040C675 /* ViewController.swift */; };
		66479CB125E18DEE0040C675 /* Main.storyboard in Resources */ = {isa = PBXBuildFile; fileRef = 66479CAF25E18DEE0040C675 /* Main.storyboard */; };
		66479CB325E18DEF0040C675 /* Assets.xcassets in Resources */ = {isa = PBXBuildFile; fileRef = 66479CB225E18DEF0040C675 /* Assets.xcassets */; };
		66479CB625E18DEF0040C675 /* LaunchScreen.storyboard in Resources */ = {isa = PBXBuildFile; fileRef = 66479CB425E18DEF0040C675 /* LaunchScreen.storyboard */; };
		66479CC125E18DF00040C675 /* FlashcardsTests.swift in Sources */ = {isa = PBXBuildFile; fileRef = 66479CC025E18DF00040C675 /* FlashcardsTests.swift */; };
		66479CCC25E18DF00040C675 /* FlashcardsUITests.swift in Sources */ = {isa = PBXBuildFile; fileRef = 66479CCB25E18DF00040C675 /* FlashcardsUITests.swift */; };
/* End PBXBuildFile section */

/* Begin PBXContainerItemProxy section */
		66479CBD25E18DF00040C675 /* PBXContainerItemProxy */ = {
			isa = PBXContainerItemProxy;
			containerPortal = 66479C9E25E18DEE0040C675 /* Project object */;
			proxyType = 1;
			remoteGlobalIDString = 66479CA525E18DEE0040C675;
			remoteInfo = Flashcards;
		};
		66479CC825E18DF00040C675 /* PBXContainerItemProxy */ = {
			isa = PBXContainerItemProxy;
			containerPortal = 66479C9E25E18DEE0040C675 /* Project object */;
			proxyType = 1;
			remoteGlobalIDString = 66479CA525E18DEE0040C675;
			remoteInfo = Flashcards;
		};
/* End PBXContainerItemProxy section */

/* Begin PBXFileReference section */
		66479CA625E18DEE0040C675 /* Flashcards.app */ = {isa = PBXFileReference; explicitFileType = wrapper.application; includeInIndex = 0; path = Flashcards.app; sourceTree = BUILT_PRODUCTS_DIR; };
		66479CA925E18DEE0040C675 /* AppDelegate.swift */ = {isa = PBXFileReference; lastKnownFileType = sourcecode.swift; path = AppDelegate.swift; sourceTree = "<group>"; };
		66479CAB25E18DEE0040C675 /* SceneDelegate.swift */ = {isa = PBXFileReference; lastKnownFileType = sourcecode.swift; path = SceneDelegate.swift; sourceTree = "<group>"; };
		66479CAD25E18DEE0040C675 /* ViewController.swift */ = {isa = PBXFileReference; lastKnownFileType = sourcecode.swift; path = ViewController.swift; sourceTree = "<group>"; };
		66479CB025E18DEE0040C675 /* Base */ = {isa = PBXFileReference; lastKnownFileType = file.storyboard; name = Base; path = Base.lproj/Main.storyboard; sourceTree = "<group>"; };
		66479CB225E18DEF0040C675 /* Assets.xcassets */ = {isa = PBXFileReference; lastKnownFileType = folder.assetcatalog; path = Assets.xcassets; sourceTree = "<group>"; };
		66479CB525E18DEF0040C675 /* Base */ = {isa = PBXFileReference; lastKnownFileType = file.storyboard; name = Base; path = Base.lproj/LaunchScreen.storyboard; sourceTree = "<group>"; };
		66479CB725E18DEF0040C675 /* Info.plist */ = {isa = PBXFileReference; lastKnownFileType = text.plist.xml; path = Info.plist; sourceTree = "<group>"; };
		66479CBC25E18DF00040C675 /* FlashcardsTests.xctest */ = {isa = PBXFileReference; explicitFileType = wrapper.cfbundle; includeInIndex = 0; path = FlashcardsTests.xctest; sourceTree = BUILT_PRODUCTS_DIR; };
		66479CC025E18DF00040C675 /* FlashcardsTests.swift */ = {isa = PBXFileReference; lastKnownFileType = sourcecode.swift; path = FlashcardsTests.swift; sourceTree = "<group>"; };
		66479CC225E18DF00040C675 /* Info.plist */ = {isa = PBXFileReference; lastKnownFileType = text.plist.xml; path = Info.plist; sourceTree = "<group>"; };
		66479CC725E18DF00040C675 /* FlashcardsUITests.xctest */ = {isa = PBXFileReference; explicitFileType = wrapper.cfbundle; includeInIndex = 0; path = FlashcardsUITests.xctest; sourceTree = BUILT_PRODUCTS_DIR; };
		66479CCB25E18DF00040C675 /* FlashcardsUITests.swift */ = {isa = PBXFileReference; lastKnownFileType = sourcecode.swift; path = FlashcardsUITests.swift; sourceTree = "<group>"; };
		66479CCD25E18DF00040C675 /* Info.plist */ = {isa = PBXFileReference; lastKnownFileType = text.plist.xml; path = Info.plist; sourceTree = "<group>"; };
/* End PBXFileReference section */

/* Begin PBXFrameworksBuildPhase section */
		66479CA325E18DEE0040C675 /* Frameworks */ = {
			isa = PBXFrameworksBuildPhase;
			buildActionMask = 2147483647;
			files = (
			);
			runOnlyForDeploymentPostprocessing = 0;
		};
		66479CB925E18DF00040C675 /* Frameworks */ = {
			isa = PBXFrameworksBuildPhase;
			buildActionMask = 2147483647;
			files = (
			);
			runOnlyForDeploymentPostprocessing = 0;
		};
		66479CC425E18DF00040C675 /* Frameworks */ = {
			isa = PBXFrameworksBuildPhase;
			buildActionMask = 2147483647;
			files = (
			);
			runOnlyForDeploymentPostprocessing = 0;
		};
/* End PBXFrameworksBuildPhase section */

/* Begin PBXGroup section */
		66479C9D25E18DEE0040C675 = {
			isa = PBXGroup;
			children = (
				66479CA825E18DEE0040C675 /* Flashcards */,
				66479CBF25E18DF00040C675 /* FlashcardsTests */,
				66479CCA25E18DF00040C675 /* FlashcardsUITests */,
				66479CA725E18DEE0040C675 /* Products */,
			);
			sourceTree = "<group>";
		};
		66479CA725E18DEE0040C675 /* Products */ = {
			isa = PBXGroup;
			children = (
				66479CA625E18DEE0040C675 /* Flashcards.app */,
				66479CBC25E18DF00040C675 /* FlashcardsTests.xctest */,
				66479CC725E18DF00040C675 /* FlashcardsUITests.xctest */,
			);
			name = Products;
			sourceTree = "<group>";
		};
		66479CA825E18DEE0040C675 /* Flashcards */ = {
			isa = PBXGroup;
			children = (
				66479CA925E18DEE0040C675 /* AppDelegate.swift */,
				66479CAB25E18DEE0040C675 /* SceneDelegate.swift */,
				66479CAD25E18DEE0040C675 /* ViewController.swift */,
				66479CAF25E18DEE0040C675 /* Main.storyboard */,
				66479CB225E18DEF0040C675 /* Assets.xcassets */,
				66479CB425E18DEF0040C675 /* LaunchScreen.storyboard */,
				66479CB725E18DEF0040C675 /* Info.plist */,
			);
			path = Flashcards;
			sourceTree = "<group>";
		};
		66479CBF25E18DF00040C675 /* FlashcardsTests */ = {
			isa = PBXGroup;
			children = (
				66479CC025E18DF00040C675 /* FlashcardsTests.swift */,
				66479CC225E18DF00040C675 /* Info.plist */,
			);
			path = FlashcardsTests;
			sourceTree = "<group>";
		};
		66479CCA25E18DF00040C675 /* FlashcardsUITests */ = {
			isa = PBXGroup;
			children = (
				66479CCB25E18DF00040C675 /* FlashcardsUITests.swift */,
				66479CCD25E18DF00040C675 /* Info.plist */,
			);
			path = FlashcardsUITests;
			sourceTree = "<group>";
		};
/* End PBXGroup section */

/* Begin PBXNativeTarget section */
		66479CA525E18DEE0040C675 /* Flashcards */ = {
			isa = PBXNativeTarget;
			buildConfigurationList = 66479CD025E18DF00040C675 /* Build configuration list for PBXNativeTarget "Flashcards" */;
			buildPhases = (
				66479CA225E18DEE0040C675 /* Sources */,
				66479CA325E18DEE0040C675 /* Frameworks */,
				66479CA425E18DEE0040C675 /* Resources */,
			);
			buildRules = (
			);
			dependencies = (
			);
			name = Flashcards;
			productName = Flashcards;
			productReference = 66479CA625E18DEE0040C675 /* Flashcards.app */;
			productType = "com.apple.product-type.application";
		};
		66479CBB25E18DF00040C675 /* FlashcardsTests */ = {
			isa = PBXNativeTarget;
			buildConfigurationList = 66479CD325E18DF00040C675 /* Build configuration list for PBXNativeTarget "FlashcardsTests" */;
			buildPhases = (
				66479CB825E18DF00040C675 /* Sources */,
				66479CB925E18DF00040C675 /* Frameworks */,
				66479CBA25E18DF00040C675 /* Resources */,
			);
			buildRules = (
			);
			dependencies = (
				66479CBE25E18DF00040C675 /* PBXTargetDependency */,
			);
			name = FlashcardsTests;
			productName = FlashcardsTests;
			productReference = 66479CBC25E18DF00040C675 /* FlashcardsTests.xctest */;
			productType = "com.apple.product-type.bundle.unit-test";
		};
		66479CC625E18DF00040C675 /* FlashcardsUITests */ = {
			isa = PBXNativeTarget;
			buildConfigurationList = 66479CD625E18DF00040C675 /* Build configuration list for PBXNativeTarget "FlashcardsUITests" */;
			buildPhases = (
				66479CC325E18DF00040C675 /* Sources */,
				66479CC425E18DF00040C675 /* Frameworks */,
				66479CC525E18DF00040C675 /* Resources */,
			);
			buildRules = (
			);
			dependencies = (
				66479CC925E18DF00040C675 /* PBXTargetDependency */,
			);
			name = FlashcardsUITests;
			productName = FlashcardsUITests;
			productReference = 66479CC725E18DF00040C675 /* FlashcardsUITests.xctest */;
			productType = "com.apple.product-type.bundle.ui-testing";
		};
/* End PBXNativeTarget section */

/* Begin PBXProject section */
		66479C9E25E18DEE0040C675 /* Project object */ = {
			isa = PBXProject;
			attributes = {
				LastSwiftUpdateCheck = 1230;
				LastUpgradeCheck = 1230;
				TargetAttributes = {
					66479CA525E18DEE0040C675 = {
						CreatedOnToolsVersion = 12.3;
					};
					66479CBB25E18DF00040C675 = {
						CreatedOnToolsVersion = 12.3;
						TestTargetID = 66479CA525E18DEE0040C675;
					};
					66479CC625E18DF00040C675 = {
						CreatedOnToolsVersion = 12.3;
						TestTargetID = 66479CA525E18DEE0040C675;
					};
				};
			};
			buildConfigurationList = 66479CA125E18DEE0040C675 /* Build configuration list for PBXProject "Flashcards" */;
			compatibilityVersion = "Xcode 9.3";
			developmentRegion = en;
			hasScannedForEncodings = 0;
			knownRegions = (
				en,
				Base,
			);
			mainGroup = 66479C9D25E18DEE0040C675;
			productRefGroup = 66479CA725E18DEE0040C675 /* Products */;
			projectDirPath = "";
			projectRoot = "";
			targets = (
				66479CA525E18DEE0040C675 /* Flashcards */,
				66479CBB25E18DF00040C675 /* FlashcardsTests */,
				66479CC625E18DF00040C675 /* FlashcardsUITests */,
			);
		};
/* End PBXProject section */

/* Begin PBXResourcesBuildPhase section */
		66479CA425E18DEE0040C675 /* Resources */ = {
			isa = PBXResourcesBuildPhase;
			buildActionMask = 2147483647;
			files = (
				66479CB625E18DEF0040C675 /* LaunchScreen.storyboard in Resources */,
				66479CB325E18DEF0040C675 /* Assets.xcassets in Resources */,
				66479CB125E18DEE0040C675 /* Main.storyboard in Resources */,
			);
			runOnlyForDeploymentPostprocessing = 0;
		};
		66479CBA25E18DF00040C675 /* Resources */ = {
			isa = PBXResourcesBuildPhase;
			buildActionMask = 2147483647;
			files = (
			);
			runOnlyForDeploymentPostprocessing = 0;
		};
		66479CC525E18DF00040C675 /* Resources */ = {
			isa = PBXResourcesBuildPhase;
			buildActionMask = 2147483647;
			files = (
			);
			runOnlyForDeploymentPostprocessing = 0;
		};
/* End PBXResourcesBuildPhase section */

/* Begin PBXSourcesBuildPhase section */
		66479CA225E18DEE0040C675 /* Sources */ = {
			isa = PBXSourcesBuildPhase;
			buildActionMask = 2147483647;
			files = (
				66479CAE25E18DEE0040C675 /* ViewController.swift in Sources */,
				66479CAA25E18DEE0040C675 /* AppDelegate.swift in Sources */,
				66479CAC25E18DEE0040C675 /* SceneDelegate.swift in Sources */,
			);
			runOnlyForDeploymentPostprocessing = 0;
		};
		66479CB825E18DF00040C675 /* Sources */ = {
			isa = PBXSourcesBuildPhase;
			buildActionMask = 2147483647;
			files = (
				66479CC125E18DF00040C675 /* FlashcardsTests.swift in Sources */,
			);
			runOnlyForDeploymentPostprocessing = 0;
		};
		66479CC325E18DF00040C675 /* Sources */ = {
			isa = PBXSourcesBuildPhase;
			buildActionMask = 2147483647;
			files = (
				66479CCC25E18DF00040C675 /* FlashcardsUITests.swift in Sources */,
			);
			runOnlyForDeploymentPostprocessing = 0;
		};
/* End PBXSourcesBuildPhase section */

/* Begin PBXTargetDependency section */
		66479CBE25E18DF00040C675 /* PBXTargetDependency */ = {
			isa = PBXTargetDependency;
			target = 66479CA525E18DEE0040C675 /* Flashcards */;
			targetProxy = 66479CBD25E18DF00040C675 /* PBXContainerItemProxy */;
		};
		66479CC925E18DF00040C675 /* PBXTargetDependency */ = {
			isa = PBXTargetDependency;
			target = 66479CA525E18DEE0040C675 /* Flashcards */;
			targetProxy = 66479CC825E18DF00040C675 /* PBXContainerItemProxy */;
		};
/* End PBXTargetDependency section */

/* Begin PBXVariantGroup section */
		66479CAF25E18DEE0040C675 /* Main.storyboard */ = {
			isa = PBXVariantGroup;
			children = (
				66479CB025E18DEE0040C675 /* Base */,
			);
			name = Main.storyboard;
			sourceTree = "<group>";
		};
		66479CB425E18DEF0040C675 /* LaunchScreen.storyboard */ = {
			isa = PBXVariantGroup;
			children = (
				66479CB525E18DEF0040C675 /* Base */,
			);
			name = LaunchScreen.storyboard;
			sourceTree = "<group>";
		};
/* End PBXVariantGroup section */

/* Begin XCBuildConfiguration section */
		66479CCE25E18DF00040C675 /* Debug */ = {
			isa = XCBuildConfiguration;
			buildSettings = {
				ALWAYS_SEARCH_USER_PATHS = NO;
				CLANG_ANALYZER_NONNULL = YES;
				CLANG_ANALYZER_NUMBER_OBJECT_CONVERSION = YES_AGGRESSIVE;
				CLANG_CXX_LANGUAGE_STANDARD = "gnu++14";
				CLANG_CXX_LIBRARY = "libc++";
				CLANG_ENABLE_MODULES = YES;
				CLANG_ENABLE_OBJC_ARC = YES;
				CLANG_ENABLE_OBJC_WEAK = YES;
				CLANG_WARN_BLOCK_CAPTURE_AUTORELEASING = YES;
				CLANG_WARN_BOOL_CONVERSION = YES;
				CLANG_WARN_COMMA = YES;
				CLANG_WARN_CONSTANT_CONVERSION = YES;
				CLANG_WARN_DEPRECATED_OBJC_IMPLEMENTATIONS = YES;
				CLANG_WARN_DIRECT_OBJC_ISA_USAGE = YES_ERROR;
				CLANG_WARN_DOCUMENTATION_COMMENTS = YES;
				CLANG_WARN_EMPTY_BODY = YES;
				CLANG_WARN_ENUM_CONVERSION = YES;
				CLANG_WARN_INFINITE_RECURSION = YES;
				CLANG_WARN_INT_CONVERSION = YES;
				CLANG_WARN_NON_LITERAL_NULL_CONVERSION = YES;
				CLANG_WARN_OBJC_IMPLICIT_RETAIN_SELF = YES;
				CLANG_WARN_OBJC_LITERAL_CONVERSION = YES;
				CLANG_WARN_OBJC_ROOT_CLASS = YES_ERROR;
				CLANG_WARN_QUOTED_INCLUDE_IN_FRAMEWORK_HEADER = YES;
				CLANG_WARN_RANGE_LOOP_ANALYSIS = YES;
				CLANG_WARN_STRICT_PROTOTYPES = YES;
				CLANG_WARN_SUSPICIOUS_MOVE = YES;
				CLANG_WARN_UNGUARDED_AVAILABILITY = YES_AGGRESSIVE;
				CLANG_WARN_UNREACHABLE_CODE = YES;
				CLANG_WARN__DUPLICATE_METHOD_MATCH = YES;
				COPY_PHASE_STRIP = NO;
				DEBUG_INFORMATION_FORMAT = dwarf;
				ENABLE_STRICT_OBJC_MSGSEND = YES;
				ENABLE_TESTABILITY = YES;
				GCC_C_LANGUAGE_STANDARD = gnu11;
				GCC_DYNAMIC_NO_PIC = NO;
				GCC_NO_COMMON_BLOCKS = YES;
				GCC_OPTIMIZATION_LEVEL = 0;
				GCC_PREPROCESSOR_DEFINITIONS = (
					"DEBUG=1",
					"$(inherited)",
				);
				GCC_WARN_64_TO_32_BIT_CONVERSION = YES;
				GCC_WARN_ABOUT_RETURN_TYPE = YES_ERROR;
				GCC_WARN_UNDECLARED_SELECTOR = YES;
				GCC_WARN_UNINITIALIZED_AUTOS = YES_AGGRESSIVE;
				GCC_WARN_UNUSED_FUNCTION = YES;
				GCC_WARN_UNUSED_VARIABLE = YES;
				IPHONEOS_DEPLOYMENT_TARGET = 14.3;
				MTL_ENABLE_DEBUG_INFO = INCLUDE_SOURCE;
				MTL_FAST_MATH = YES;
				ONLY_ACTIVE_ARCH = YES;
				SDKROOT = iphoneos;
				SWIFT_ACTIVE_COMPILATION_CONDITIONS = DEBUG;
				SWIFT_OPTIMIZATION_LEVEL = "-Onone";
			};
			name = Debug;
		};
		66479CCF25E18DF00040C675 /* Release */ = {
			isa = XCBuildConfiguration;
			buildSettings = {
				ALWAYS_SEARCH_USER_PATHS = NO;
				CLANG_ANALYZER_NONNULL = YES;
				CLANG_ANALYZER_NUMBER_OBJECT_CONVERSION = YES_AGGRESSIVE;
				CLANG_CXX_LANGUAGE_STANDARD = "gnu++14";
				CLANG_CXX_LIBRARY = "libc++";
				CLANG_ENABLE_MODULES = YES;
				CLANG_ENABLE_OBJC_ARC = YES;
				CLANG_ENABLE_OBJC_WEAK = YES;
				CLANG_WARN_BLOCK_CAPTURE_AUTORELEASING = YES;
				CLANG_WARN_BOOL_CONVERSION = YES;
				CLANG_WARN_COMMA = YES;
				CLANG_WARN_CONSTANT_CONVERSION = YES;
				CLANG_WARN_DEPRECATED_OBJC_IMPLEMENTATIONS = YES;
				CLANG_WARN_DIRECT_OBJC_ISA_USAGE = YES_ERROR;
				CLANG_WARN_DOCUMENTATION_COMMENTS = YES;
				CLANG_WARN_EMPTY_BODY = YES;
				CLANG_WARN_ENUM_CONVERSION = YES;
				CLANG_WARN_INFINITE_RECURSION = YES;
				CLANG_WARN_INT_CONVERSION = YES;
				CLANG_WARN_NON_LITERAL_NULL_CONVERSION = YES;
				CLANG_WARN_OBJC_IMPLICIT_RETAIN_SELF = YES;
				CLANG_WARN_OBJC_LITERAL_CONVERSION = YES;
				CLANG_WARN_OBJC_ROOT_CLASS = YES_ERROR;
				CLANG_WARN_QUOTED_INCLUDE_IN_FRAMEWORK_HEADER = YES;
				CLANG_WARN_RANGE_LOOP_ANALYSIS = YES;
				CLANG_WARN_STRICT_PROTOTYPES = YES;
				CLANG_WARN_SUSPICIOUS_MOVE = YES;
				CLANG_WARN_UNGUARDED_AVAILABILITY = YES_AGGRESSIVE;
				CLANG_WARN_UNREACHABLE_CODE = YES;
				CLANG_WARN__DUPLICATE_METHOD_MATCH = YES;
				COPY_PHASE_STRIP = NO;
				DEBUG_INFORMATION_FORMAT = "dwarf-with-dsym";
				ENABLE_NS_ASSERTIONS = NO;
				ENABLE_STRICT_OBJC_MSGSEND = YES;
				GCC_C_LANGUAGE_STANDARD = gnu11;
				GCC_NO_COMMON_BLOCKS = YES;
				GCC_WARN_64_TO_32_BIT_CONVERSION = YES;
				GCC_WARN_ABOUT_RETURN_TYPE = YES_ERROR;
				GCC_WARN_UNDECLARED_SELECTOR = YES;
				GCC_WARN_UNINITIALIZED_AUTOS = YES_AGGRESSIVE;
				GCC_WARN_UNUSED_FUNCTION = YES;
				GCC_WARN_UNUSED_VARIABLE = YES;
				IPHONEOS_DEPLOYMENT_TARGET = 14.3;
				MTL_ENABLE_DEBUG_INFO = NO;
				MTL_FAST_MATH = YES;
				SDKROOT = iphoneos;
				SWIFT_COMPILATION_MODE = wholemodule;
				SWIFT_OPTIMIZATION_LEVEL = "-O";
				VALIDATE_PRODUCT = YES;
			};
			name = Release;
		};
		66479CD125E18DF00040C675 /* Debug */ = {
			isa = XCBuildConfiguration;
			buildSettings = {
				ASSETCATALOG_COMPILER_APPICON_NAME = AppIcon;
				ASSETCATALOG_COMPILER_GLOBAL_ACCENT_COLOR_NAME = AccentColor;
				CODE_SIGN_STYLE = Automatic;
				INFOPLIST_FILE = Flashcards/Info.plist;
				LD_RUNPATH_SEARCH_PATHS = (
					"$(inherited)",
					"@executable_path/Frameworks",
				);
				PRODUCT_BUNDLE_IDENTIFIER = PJP.Flashcards;
				PRODUCT_NAME = "$(TARGET_NAME)";
				SWIFT_VERSION = 5.0;
				TARGETED_DEVICE_FAMILY = "1,2";
			};
			name = Debug;
		};
		66479CD225E18DF00040C675 /* Release */ = {
			isa = XCBuildConfiguration;
			buildSettings = {
				ASSETCATALOG_COMPILER_APPICON_NAME = AppIcon;
				ASSETCATALOG_COMPILER_GLOBAL_ACCENT_COLOR_NAME = AccentColor;
				CODE_SIGN_STYLE = Automatic;
				INFOPLIST_FILE = Flashcards/Info.plist;
				LD_RUNPATH_SEARCH_PATHS = (
					"$(inherited)",
					"@executable_path/Frameworks",
				);
				PRODUCT_BUNDLE_IDENTIFIER = PJP.Flashcards;
				PRODUCT_NAME = "$(TARGET_NAME)";
				SWIFT_VERSION = 5.0;
				TARGETED_DEVICE_FAMILY = "1,2";
			};
			name = Release;
		};
		66479CD425E18DF00040C675 /* Debug */ = {
			isa = XCBuildConfiguration;
			buildSettings = {
				ALWAYS_EMBED_SWIFT_STANDARD_LIBRARIES = YES;
				BUNDLE_LOADER = "$(TEST_HOST)";
				CODE_SIGN_STYLE = Automatic;
				INFOPLIST_FILE = FlashcardsTests/Info.plist;
				IPHONEOS_DEPLOYMENT_TARGET = 14.3;
				LD_RUNPATH_SEARCH_PATHS = (
					"$(inherited)",
					"@executable_path/Frameworks",
					"@loader_path/Frameworks",
				);
				PRODUCT_BUNDLE_IDENTIFIER = PJP.FlashcardsTests;
				PRODUCT_NAME = "$(TARGET_NAME)";
				SWIFT_VERSION = 5.0;
				TARGETED_DEVICE_FAMILY = "1,2";
				TEST_HOST = "$(BUILT_PRODUCTS_DIR)/Flashcards.app/Flashcards";
			};
			name = Debug;
		};
		66479CD525E18DF00040C675 /* Release */ = {
			isa = XCBuildConfiguration;
			buildSettings = {
				ALWAYS_EMBED_SWIFT_STANDARD_LIBRARIES = YES;
				BUNDLE_LOADER = "$(TEST_HOST)";
				CODE_SIGN_STYLE = Automatic;
				INFOPLIST_FILE = FlashcardsTests/Info.plist;
				IPHONEOS_DEPLOYMENT_TARGET = 14.3;
				LD_RUNPATH_SEARCH_PATHS = (
					"$(inherited)",
					"@executable_path/Frameworks",
					"@loader_path/Frameworks",
				);
				PRODUCT_BUNDLE_IDENTIFIER = PJP.FlashcardsTests;
				PRODUCT_NAME = "$(TARGET_NAME)";
				SWIFT_VERSION = 5.0;
				TARGETED_DEVICE_FAMILY = "1,2";
				TEST_HOST = "$(BUILT_PRODUCTS_DIR)/Flashcards.app/Flashcards";
			};
			name = Release;
		};
		66479CD725E18DF00040C675 /* Debug */ = {
			isa = XCBuildConfiguration;
			buildSettings = {
				ALWAYS_EMBED_SWIFT_STANDARD_LIBRARIES = YES;
				CODE_SIGN_STYLE = Automatic;
				INFOPLIST_FILE = FlashcardsUITests/Info.plist;
				LD_RUNPATH_SEARCH_PATHS = (
					"$(inherited)",
					"@executable_path/Frameworks",
					"@loader_path/Frameworks",
				);
				PRODUCT_BUNDLE_IDENTIFIER = PJP.FlashcardsUITests;
				PRODUCT_NAME = "$(TARGET_NAME)";
				SWIFT_VERSION = 5.0;
				TARGETED_DEVICE_FAMILY = "1,2";
				TEST_TARGET_NAME = Flashcards;
			};
			name = Debug;
		};
		66479CD825E18DF00040C675 /* Release */ = {
			isa = XCBuildConfiguration;
			buildSettings = {
				ALWAYS_EMBED_SWIFT_STANDARD_LIBRARIES = YES;
				CODE_SIGN_STYLE = Automatic;
				INFOPLIST_FILE = FlashcardsUITests/Info.plist;
				LD_RUNPATH_SEARCH_PATHS = (
					"$(inherited)",
					"@executable_path/Frameworks",
					"@loader_path/Frameworks",
				);
				PRODUCT_BUNDLE_IDENTIFIER = PJP.FlashcardsUITests;
				PRODUCT_NAME = "$(TARGET_NAME)";
				SWIFT_VERSION = 5.0;
				TARGETED_DEVICE_FAMILY = "1,2";
				TEST_TARGET_NAME = Flashcards;
			};
			name = Release;
		};
/* End XCBuildConfiguration section */

/* Begin XCConfigurationList section */
		66479CA125E18DEE0040C675 /* Build configuration list for PBXProject "Flashcards" */ = {
			isa = XCConfigurationList;
			buildConfigurations = (
				66479CCE25E18DF00040C675 /* Debug */,
				66479CCF25E18DF00040C675 /* Release */,
			);
			defaultConfigurationIsVisible = 0;
			defaultConfigurationName = Release;
		};
		66479CD025E18DF00040C675 /* Build configuration list for PBXNativeTarget "Flashcards" */ = {
			isa = XCConfigurationList;
			buildConfigurations = (
				66479CD125E18DF00040C675 /* Debug */,
				66479CD225E18DF00040C675 /* Release */,
			);
			defaultConfigurationIsVisible = 0;
			defaultConfigurationName = Release;
		};
		66479CD325E18DF00040C675 /* Build configuration list for PBXNativeTarget "FlashcardsTests" */ = {
			isa = XCConfigurationList;
			buildConfigurations = (
				66479CD425E18DF00040C675 /* Debug */,
				66479CD525E18DF00040C675 /* Release */,
			);
			defaultConfigurationIsVisible = 0;
			defaultConfigurationName = Release;
		};
		66479CD625E18DF00040C675 /* Build configuration list for PBXNativeTarget "FlashcardsUITests" */ = {
			isa = XCConfigurationList;
			buildConfigurations = (
				66479CD725E18DF00040C675 /* Debug */,
				66479CD825E18DF00040C675 /* Release */,
			);
			defaultConfigurationIsVisible = 0;
			defaultConfigurationName = Release;
		};
/* End XCConfigurationList section */
	};
	rootObject = 66479C9E25E18DEE0040C675 /* Project object */;
}
